
Microsoft Visual Studio Solution File, Format Version 12.00
# Visual Studio 15
VisualStudioVersion = 15.0.28307.271
MinimumVisualStudioVersion = 10.0.40219.1
Project("{FAE04EC0-301F-11D3-BF4B-00C04F79EFBC}") = "Entidades", "Entidades\Entidades.csproj", "{EB71B6C4-20EB-4AC8-B6F6-020D93635876}"
EndProject
Project("{FAE04EC0-301F-11D3-BF4B-00C04F79EFBC}") = "MiCalculadora", "MiCalculadora\MiCalculadora.csproj", "{B2AB73DD-EE06-444B-8A07-2BEC8EBF31F7}"
EndProject
Global
	GlobalSection(SolutionConfigurationPlatforms) = preSolution
		Debug|Any CPU = Debug|Any CPU
		Release|Any CPU = Release|Any CPU
	EndGlobalSection
	GlobalSection(ProjectConfigurationPlatforms) = postSolution
		{EB71B6C4-20EB-4AC8-B6F6-020D93635876}.Debug|Any CPU.ActiveCfg = Debug|Any CPU
		{EB71B6C4-20EB-4AC8-B6F6-020D93635876}.Debug|Any CPU.Build.0 = Debug|Any CPU
		{EB71B6C4-20EB-4AC8-B6F6-020D93635876}.Release|Any CPU.ActiveCfg = Release|Any CPU
		{EB71B6C4-20EB-4AC8-B6F6-020D93635876}.Release|Any CPU.Build.0 = Release|Any CPU
		{B2AB73DD-EE06-444B-8A07-2BEC8EBF31F7}.Debug|Any CPU.ActiveCfg = Debug|Any CPU
		{B2AB73DD-EE06-444B-8A07-2BEC8EBF31F7}.Debug|Any CPU.Build.0 = Debug|Any CPU
		{B2AB73DD-EE06-444B-8A07-2BEC8EBF31F7}.Release|Any CPU.ActiveCfg = Release|Any CPU
		{B2AB73DD-EE06-444B-8A07-2BEC8EBF31F7}.Release|Any CPU.Build.0 = Release|Any CPU
	EndGlobalSection
	GlobalSection(SolutionProperties) = preSolution
		HideSolutionNode = FALSE
	EndGlobalSection
	GlobalSection(ExtensibilityGlobals) = postSolution
		SolutionGuid = {CCABED94-E86A-42D5-A91B-CAB0374E9C8E}
	EndGlobalSection
EndGlobal
