
Microsoft Visual Studio Solution File, Format Version 12.00
# Visual Studio 15
VisualStudioVersion = 15.0.28307.271
MinimumVisualStudioVersion = 10.0.40219.1
Project("{FAE04EC0-301F-11D3-BF4B-00C04F79EFBC}") = "EntidadesAbstractas", "EntidadesAbstractas\EntidadesAbstractas.csproj", "{45119D7A-9B4F-4A5E-A17E-EA395E19C0DD}"
EndProject
Project("{FAE04EC0-301F-11D3-BF4B-00C04F79EFBC}") = "EntidadesInstanciables", "EntidadesInstanciables\EntidadesInstanciables.csproj", "{424C44FD-34AA-4770-936C-5050747A3214}"
EndProject
Project("{FAE04EC0-301F-11D3-BF4B-00C04F79EFBC}") = "Excepciones", "Excepciones\Excepciones.csproj", "{A00DE6F2-4DBA-4B49-8CCC-BFF239F3FFC4}"
EndProject
Project("{FAE04EC0-301F-11D3-BF4B-00C04F79EFBC}") = "Archivos", "Archivos\Archivos.csproj", "{CFF66480-0CDE-4219-8B25-1DE804A092AC}"
EndProject
Project("{FAE04EC0-301F-11D3-BF4B-00C04F79EFBC}") = "TestConsola", "TestConsola\TestConsola.csproj", "{82FF73C7-B1CF-41E1-B7D8-219A82A23F93}"
EndProject
Project("{FAE04EC0-301F-11D3-BF4B-00C04F79EFBC}") = "TestUnitario", "TestUnitario\TestUnitario.csproj", "{8A788DB0-E9DA-4C9C-BDFE-12F72939BA79}"
EndProject
Global
	GlobalSection(SolutionConfigurationPlatforms) = preSolution
		Debug|Any CPU = Debug|Any CPU
		Release|Any CPU = Release|Any CPU
	EndGlobalSection
	GlobalSection(ProjectConfigurationPlatforms) = postSolution
		{45119D7A-9B4F-4A5E-A17E-EA395E19C0DD}.Debug|Any CPU.ActiveCfg = Debug|Any CPU
		{45119D7A-9B4F-4A5E-A17E-EA395E19C0DD}.Debug|Any CPU.Build.0 = Debug|Any CPU
		{45119D7A-9B4F-4A5E-A17E-EA395E19C0DD}.Release|Any CPU.ActiveCfg = Release|Any CPU
		{45119D7A-9B4F-4A5E-A17E-EA395E19C0DD}.Release|Any CPU.Build.0 = Release|Any CPU
		{424C44FD-34AA-4770-936C-5050747A3214}.Debug|Any CPU.ActiveCfg = Debug|Any CPU
		{424C44FD-34AA-4770-936C-5050747A3214}.Debug|Any CPU.Build.0 = Debug|Any CPU
		{424C44FD-34AA-4770-936C-5050747A3214}.Release|Any CPU.ActiveCfg = Release|Any CPU
		{424C44FD-34AA-4770-936C-5050747A3214}.Release|Any CPU.Build.0 = Release|Any CPU
		{A00DE6F2-4DBA-4B49-8CCC-BFF239F3FFC4}.Debug|Any CPU.ActiveCfg = Debug|Any CPU
		{A00DE6F2-4DBA-4B49-8CCC-BFF239F3FFC4}.Debug|Any CPU.Build.0 = Debug|Any CPU
		{A00DE6F2-4DBA-4B49-8CCC-BFF239F3FFC4}.Release|Any CPU.ActiveCfg = Release|Any CPU
		{A00DE6F2-4DBA-4B49-8CCC-BFF239F3FFC4}.Release|Any CPU.Build.0 = Release|Any CPU
		{CFF66480-0CDE-4219-8B25-1DE804A092AC}.Debug|Any CPU.ActiveCfg = Debug|Any CPU
		{CFF66480-0CDE-4219-8B25-1DE804A092AC}.Debug|Any CPU.Build.0 = Debug|Any CPU
		{CFF66480-0CDE-4219-8B25-1DE804A092AC}.Release|Any CPU.ActiveCfg = Release|Any CPU
		{CFF66480-0CDE-4219-8B25-1DE804A092AC}.Release|Any CPU.Build.0 = Release|Any CPU
		{82FF73C7-B1CF-41E1-B7D8-219A82A23F93}.Debug|Any CPU.ActiveCfg = Debug|Any CPU
		{82FF73C7-B1CF-41E1-B7D8-219A82A23F93}.Debug|Any CPU.Build.0 = Debug|Any CPU
		{82FF73C7-B1CF-41E1-B7D8-219A82A23F93}.Release|Any CPU.ActiveCfg = Release|Any CPU
		{82FF73C7-B1CF-41E1-B7D8-219A82A23F93}.Release|Any CPU.Build.0 = Release|Any CPU
		{8A788DB0-E9DA-4C9C-BDFE-12F72939BA79}.Debug|Any CPU.ActiveCfg = Debug|Any CPU
		{8A788DB0-E9DA-4C9C-BDFE-12F72939BA79}.Debug|Any CPU.Build.0 = Debug|Any CPU
		{8A788DB0-E9DA-4C9C-BDFE-12F72939BA79}.Release|Any CPU.ActiveCfg = Release|Any CPU
		{8A788DB0-E9DA-4C9C-BDFE-12F72939BA79}.Release|Any CPU.Build.0 = Release|Any CPU
	EndGlobalSection
	GlobalSection(SolutionProperties) = preSolution
		HideSolutionNode = FALSE
	EndGlobalSection
	GlobalSection(ExtensibilityGlobals) = postSolution
		SolutionGuid = {F4AAF920-3B3B-4461-9320-E77DE38A5BF8}
	EndGlobalSection
EndGlobal
