
Microsoft Visual Studio Solution File, Format Version 12.00
# Visual Studio 15
VisualStudioVersion = 15.0.28307.271
MinimumVisualStudioVersion = 10.0.40219.1
Project("{FAE04EC0-301F-11D3-BF4B-00C04F79EFBC}") = "MainCorreo", "MainCorreo\MainCorreo.csproj", "{33F1271B-4935-4463-9E8E-BC5AEB74C19F}"
EndProject
Project("{FAE04EC0-301F-11D3-BF4B-00C04F79EFBC}") = "Entidades", "Entidades\Entidades.csproj", "{87D42990-3163-40A4-A3DE-9AA2BACFCDC2}"
EndProject
Project("{FAE04EC0-301F-11D3-BF4B-00C04F79EFBC}") = "Testing", "Testing\Testing.csproj", "{B8792968-4061-43E0-8354-541BC5F5C6E0}"
EndProject
Global
	GlobalSection(SolutionConfigurationPlatforms) = preSolution
		Debug|Any CPU = Debug|Any CPU
		Release|Any CPU = Release|Any CPU
	EndGlobalSection
	GlobalSection(ProjectConfigurationPlatforms) = postSolution
		{33F1271B-4935-4463-9E8E-BC5AEB74C19F}.Debug|Any CPU.ActiveCfg = Debug|Any CPU
		{33F1271B-4935-4463-9E8E-BC5AEB74C19F}.Debug|Any CPU.Build.0 = Debug|Any CPU
		{33F1271B-4935-4463-9E8E-BC5AEB74C19F}.Release|Any CPU.ActiveCfg = Release|Any CPU
		{33F1271B-4935-4463-9E8E-BC5AEB74C19F}.Release|Any CPU.Build.0 = Release|Any CPU
		{87D42990-3163-40A4-A3DE-9AA2BACFCDC2}.Debug|Any CPU.ActiveCfg = Debug|Any CPU
		{87D42990-3163-40A4-A3DE-9AA2BACFCDC2}.Debug|Any CPU.Build.0 = Debug|Any CPU
		{87D42990-3163-40A4-A3DE-9AA2BACFCDC2}.Release|Any CPU.ActiveCfg = Release|Any CPU
		{87D42990-3163-40A4-A3DE-9AA2BACFCDC2}.Release|Any CPU.Build.0 = Release|Any CPU
		{B8792968-4061-43E0-8354-541BC5F5C6E0}.Debug|Any CPU.ActiveCfg = Debug|Any CPU
		{B8792968-4061-43E0-8354-541BC5F5C6E0}.Debug|Any CPU.Build.0 = Debug|Any CPU
		{B8792968-4061-43E0-8354-541BC5F5C6E0}.Release|Any CPU.ActiveCfg = Release|Any CPU
		{B8792968-4061-43E0-8354-541BC5F5C6E0}.Release|Any CPU.Build.0 = Release|Any CPU
	EndGlobalSection
	GlobalSection(SolutionProperties) = preSolution
		HideSolutionNode = FALSE
	EndGlobalSection
	GlobalSection(ExtensibilityGlobals) = postSolution
		SolutionGuid = {2F773CA0-3529-4067-8927-041E6A83B062}
	EndGlobalSection
EndGlobal
